
Microsoft Visual Studio Solution File, Format Version 12.00
# Visual Studio Version 16
VisualStudioVersion = 16.0.29025.244
MinimumVisualStudioVersion = 10.0.40219.1
Project("{FAE04EC0-301F-11D3-BF4B-00C04F79EFBC}") = "WatchAuthApp", "WatchAuthApp\WatchAuthApp.csproj", "{1639C8C1-7331-4B71-8100-6FC7F0716191}"
EndProject
Global
	GlobalSection(SolutionConfigurationPlatforms) = preSolution
		Debug|Any CPU = Debug|Any CPU
		Release|Any CPU = Release|Any CPU
	EndGlobalSection
	GlobalSection(ProjectConfigurationPlatforms) = postSolution
		{1639C8C1-7331-4B71-8100-6FC7F0716191}.Debug|Any CPU.ActiveCfg = Debug|Any CPU
		{1639C8C1-7331-4B71-8100-6FC7F0716191}.Debug|Any CPU.Build.0 = Debug|Any CPU
		{1639C8C1-7331-4B71-8100-6FC7F0716191}.Release|Any CPU.ActiveCfg = Release|Any CPU
		{1639C8C1-7331-4B71-8100-6FC7F0716191}.Release|Any CPU.Build.0 = Release|Any CPU
	EndGlobalSection
	GlobalSection(SolutionProperties) = preSolution
		HideSolutionNode = FALSE
	EndGlobalSection
	GlobalSection(ExtensibilityGlobals) = postSolution
		SolutionGuid = {7A7643A6-31AC-4652-8B6B-123224EA2C5D}
	EndGlobalSection
EndGlobal
